
Microsoft Visual Studio Solution File, Format Version 12.00
# Visual Studio Version 16
VisualStudioVersion = 16.0.29403.142
MinimumVisualStudioVersion = 10.0.40219.1
Project("{FAE04EC0-301F-11D3-BF4B-00C04F79EFBC}") = "EfCoreMemoryDbIssue", "EfCoreMemoryDbIssue\EfCoreMemoryDbIssue.csproj", "{B44A0823-72DB-4F85-84A8-FA8311B8EAFD}"
EndProject
Project("{FAE04EC0-301F-11D3-BF4B-00C04F79EFBC}") = "EfCoreMemoryDbIssue.Test", "EfCoreMemoryDbIssue.Test\EfCoreMemoryDbIssue.Test.csproj", "{8ADF45BE-E3BF-4965-B786-CC83BDE81929}"
EndProject
Global
	GlobalSection(SolutionConfigurationPlatforms) = preSolution
		Debug|Any CPU = Debug|Any CPU
		Release|Any CPU = Release|Any CPU
	EndGlobalSection
	GlobalSection(ProjectConfigurationPlatforms) = postSolution
		{B44A0823-72DB-4F85-84A8-FA8311B8EAFD}.Debug|Any CPU.ActiveCfg = Debug|Any CPU
		{B44A0823-72DB-4F85-84A8-FA8311B8EAFD}.Debug|Any CPU.Build.0 = Debug|Any CPU
		{B44A0823-72DB-4F85-84A8-FA8311B8EAFD}.Release|Any CPU.ActiveCfg = Release|Any CPU
		{B44A0823-72DB-4F85-84A8-FA8311B8EAFD}.Release|Any CPU.Build.0 = Release|Any CPU
		{8ADF45BE-E3BF-4965-B786-CC83BDE81929}.Debug|Any CPU.ActiveCfg = Debug|Any CPU
		{8ADF45BE-E3BF-4965-B786-CC83BDE81929}.Debug|Any CPU.Build.0 = Debug|Any CPU
		{8ADF45BE-E3BF-4965-B786-CC83BDE81929}.Release|Any CPU.ActiveCfg = Release|Any CPU
		{8ADF45BE-E3BF-4965-B786-CC83BDE81929}.Release|Any CPU.Build.0 = Release|Any CPU
	EndGlobalSection
	GlobalSection(SolutionProperties) = preSolution
		HideSolutionNode = FALSE
	EndGlobalSection
	GlobalSection(ExtensibilityGlobals) = postSolution
		SolutionGuid = {61A032EE-1483-468F-BAA8-B53C80AB3E22}
	EndGlobalSection
EndGlobal
